
Microsoft Visual Studio Solution File, Format Version 11.00
# Visual Studio 2010
Project("{8BC9CEB8-8B4A-11D0-8D11-00A0C91BC942}") = "Voidygaem", "Voidygaem.vcxproj", "{58F7CCCD-E280-468E-A84E-7D55807277B8}"
EndProject
Project("{8BC9CEB8-8B4A-11D0-8D11-00A0C91BC942}") = "MapEditor", "..\MapEditor\MapEditor.vcxproj", "{47FFEA50-4CC8-415D-AFCB-5F006FD93C30}"
EndProject
Global
	GlobalSection(SolutionConfigurationPlatforms) = preSolution
		Debug|Win32 = Debug|Win32
		Release|Win32 = Release|Win32
	EndGlobalSection
	GlobalSection(ProjectConfigurationPlatforms) = postSolution
		{58F7CCCD-E280-468E-A84E-7D55807277B8}.Debug|Win32.ActiveCfg = Debug|Win32
		{58F7CCCD-E280-468E-A84E-7D55807277B8}.Debug|Win32.Build.0 = Debug|Win32
		{58F7CCCD-E280-468E-A84E-7D55807277B8}.Release|Win32.ActiveCfg = Release|Win32
		{58F7CCCD-E280-468E-A84E-7D55807277B8}.Release|Win32.Build.0 = Release|Win32
		{47FFEA50-4CC8-415D-AFCB-5F006FD93C30}.Debug|Win32.ActiveCfg = Debug|Win32
		{47FFEA50-4CC8-415D-AFCB-5F006FD93C30}.Debug|Win32.Build.0 = Debug|Win32
		{47FFEA50-4CC8-415D-AFCB-5F006FD93C30}.Release|Win32.ActiveCfg = Release|Win32
		{47FFEA50-4CC8-415D-AFCB-5F006FD93C30}.Release|Win32.Build.0 = Release|Win32
	EndGlobalSection
	GlobalSection(SolutionProperties) = preSolution
		HideSolutionNode = FALSE
	EndGlobalSection
EndGlobal
